
Microsoft Visual Studio Solution File, Format Version 12.00
# Visual Studio Version 17
VisualStudioVersion = 17.10.35122.118
MinimumVisualStudioVersion = 10.0.40219.1
Project("{9A19103F-16F7-4668-BE54-9A1E7A4F7556}") = "CurrencyConversionApi", "CurrencyConversionApi.csproj", "{819F7754-8719-4B76-AA96-B65E6E06A37F}"
EndProject
Project("{9A19103F-16F7-4668-BE54-9A1E7A4F7556}") = "CurrencyConversionEntities", "..\CurrencyConversionEntities\CurrencyConversionEntities.csproj", "{07E5FB2B-2359-4866-AA82-7C7FF360E62B}"
EndProject
Project("{FAE04EC0-301F-11D3-BF4B-00C04F79EFBC}") = "CurrencyConversionBL", "..\CurrencyConversionBL\CurrencyConversionBL.csproj", "{0143A047-B0E9-43D1-B21F-EBC59276D47E}"
EndProject
Project("{FAE04EC0-301F-11D3-BF4B-00C04F79EFBC}") = "CurrencyConversionDL", "..\CurrencyConversionDL\CurrencyConversionDL.csproj", "{E065EFA0-CA14-4B1B-8E0A-A693F0F4998E}"
EndProject
Global
	GlobalSection(SolutionConfigurationPlatforms) = preSolution
		Debug|Any CPU = Debug|Any CPU
		Release|Any CPU = Release|Any CPU
	EndGlobalSection
	GlobalSection(ProjectConfigurationPlatforms) = postSolution
		{819F7754-8719-4B76-AA96-B65E6E06A37F}.Debug|Any CPU.ActiveCfg = Debug|Any CPU
		{819F7754-8719-4B76-AA96-B65E6E06A37F}.Debug|Any CPU.Build.0 = Debug|Any CPU
		{819F7754-8719-4B76-AA96-B65E6E06A37F}.Release|Any CPU.ActiveCfg = Release|Any CPU
		{819F7754-8719-4B76-AA96-B65E6E06A37F}.Release|Any CPU.Build.0 = Release|Any CPU
		{07E5FB2B-2359-4866-AA82-7C7FF360E62B}.Debug|Any CPU.ActiveCfg = Debug|Any CPU
		{07E5FB2B-2359-4866-AA82-7C7FF360E62B}.Debug|Any CPU.Build.0 = Debug|Any CPU
		{07E5FB2B-2359-4866-AA82-7C7FF360E62B}.Release|Any CPU.ActiveCfg = Release|Any CPU
		{07E5FB2B-2359-4866-AA82-7C7FF360E62B}.Release|Any CPU.Build.0 = Release|Any CPU
		{0143A047-B0E9-43D1-B21F-EBC59276D47E}.Debug|Any CPU.ActiveCfg = Debug|Any CPU
		{0143A047-B0E9-43D1-B21F-EBC59276D47E}.Debug|Any CPU.Build.0 = Debug|Any CPU
		{0143A047-B0E9-43D1-B21F-EBC59276D47E}.Release|Any CPU.ActiveCfg = Release|Any CPU
		{0143A047-B0E9-43D1-B21F-EBC59276D47E}.Release|Any CPU.Build.0 = Release|Any CPU
		{E065EFA0-CA14-4B1B-8E0A-A693F0F4998E}.Debug|Any CPU.ActiveCfg = Debug|Any CPU
		{E065EFA0-CA14-4B1B-8E0A-A693F0F4998E}.Debug|Any CPU.Build.0 = Debug|Any CPU
		{E065EFA0-CA14-4B1B-8E0A-A693F0F4998E}.Release|Any CPU.ActiveCfg = Release|Any CPU
		{E065EFA0-CA14-4B1B-8E0A-A693F0F4998E}.Release|Any CPU.Build.0 = Release|Any CPU
	EndGlobalSection
	GlobalSection(SolutionProperties) = preSolution
		HideSolutionNode = FALSE
	EndGlobalSection
	GlobalSection(ExtensibilityGlobals) = postSolution
		SolutionGuid = {B8DBCB1F-F385-4BFE-93E9-2859B064FE97}
	EndGlobalSection
EndGlobal
